
Microsoft Visual Studio Solution File, Format Version 12.00
# Visual Studio 15
VisualStudioVersion = 15.0.27130.2020
MinimumVisualStudioVersion = 10.0.40219.1
Project("{FAE04EC0-301F-11D3-BF4B-00C04F79EFBC}") = "Datos", "Datos\Datos.csproj", "{30CFC939-3EC1-4F67-AF0C-7EDA1E081BF3}"
EndProject
Project("{FAE04EC0-301F-11D3-BF4B-00C04F79EFBC}") = "Negocio", "Negocio\Negocio.csproj", "{7DD2F839-9FD4-4263-9776-6F37CFBBC4BE}"
EndProject
Project("{FAE04EC0-301F-11D3-BF4B-00C04F79EFBC}") = "Presentacion", "Presentacion\Presentacion.csproj", "{769B1CF3-4537-494E-BD64-4AB2C5917FD0}"
EndProject
Global
	GlobalSection(SolutionConfigurationPlatforms) = preSolution
		Debug|Any CPU = Debug|Any CPU
		Release|Any CPU = Release|Any CPU
	EndGlobalSection
	GlobalSection(ProjectConfigurationPlatforms) = postSolution
		{30CFC939-3EC1-4F67-AF0C-7EDA1E081BF3}.Debug|Any CPU.ActiveCfg = Debug|Any CPU
		{30CFC939-3EC1-4F67-AF0C-7EDA1E081BF3}.Debug|Any CPU.Build.0 = Debug|Any CPU
		{30CFC939-3EC1-4F67-AF0C-7EDA1E081BF3}.Release|Any CPU.ActiveCfg = Release|Any CPU
		{30CFC939-3EC1-4F67-AF0C-7EDA1E081BF3}.Release|Any CPU.Build.0 = Release|Any CPU
		{7DD2F839-9FD4-4263-9776-6F37CFBBC4BE}.Debug|Any CPU.ActiveCfg = Debug|Any CPU
		{7DD2F839-9FD4-4263-9776-6F37CFBBC4BE}.Debug|Any CPU.Build.0 = Debug|Any CPU
		{7DD2F839-9FD4-4263-9776-6F37CFBBC4BE}.Release|Any CPU.ActiveCfg = Release|Any CPU
		{7DD2F839-9FD4-4263-9776-6F37CFBBC4BE}.Release|Any CPU.Build.0 = Release|Any CPU
		{769B1CF3-4537-494E-BD64-4AB2C5917FD0}.Debug|Any CPU.ActiveCfg = Debug|Any CPU
		{769B1CF3-4537-494E-BD64-4AB2C5917FD0}.Debug|Any CPU.Build.0 = Debug|Any CPU
		{769B1CF3-4537-494E-BD64-4AB2C5917FD0}.Release|Any CPU.ActiveCfg = Release|Any CPU
		{769B1CF3-4537-494E-BD64-4AB2C5917FD0}.Release|Any CPU.Build.0 = Release|Any CPU
	EndGlobalSection
	GlobalSection(SolutionProperties) = preSolution
		HideSolutionNode = FALSE
	EndGlobalSection
	GlobalSection(ExtensibilityGlobals) = postSolution
		SolutionGuid = {037D3C43-0B66-4C14-A8CA-49934F5537F0}
	EndGlobalSection
EndGlobal
